{
    "_readme": [
        "This file locks the dependencies of your project to a known state",
        "Read more about it at https://getcomposer.org/doc/01-basic-usage.md#installing-dependencies",
        "This file is @generated automatically"
    ],
    "content-hash": "70fe492e83d94b1a2d3db27002349dcd",
    "packages": [
        {
            "name": "platformsh/config-reader",
            "version": "3.0.1",
            "source": {
                "type": "git",
                "url": "https://github.com/platformsh/config-reader-php.git",
                "reference": "cab2b6c0cdfc318df09a64136957dc1fc308f418"
            },
            "dist": {
                "type": "zip",
                "url": "https://api.github.com/repos/platformsh/config-reader-php/zipball/cab2b6c0cdfc318df09a64136957dc1fc308f418",
                "reference": "cab2b6c0cdfc318df09a64136957dc1fc308f418",
                "shasum": ""
            },
            "require": {
                "php": ">=7.4"
            },
            "require-dev": {
                "phpunit/phpunit": "^8.5"
            },
            "type": "library",
            "autoload": {
                "psr-4": {
                    "Platformsh\\ConfigReader\\": "src"
                }
            },
            "notification-url": "https://packagist.org/downloads/",
            "license": [
                "MIT"
            ],
            "authors": [
                {
                    "name": "Larry Garfield",
                    "email": "larry@platform.sh"
                }
            ],
            "description": "Small helper to access Platform.sh environment variables",
            "support": {
                "issues": "https://github.com/platformsh/config-reader-php/issues",
                "source": "https://github.com/platformsh/config-reader-php/tree/3.0.1"
            },
            "time": "2025-02-25T17:22:15+00:00"
        }
    ],
    "packages-dev": [],
    "aliases": [],
    "minimum-stability": "stable",
    "stability-flags": {},
    "prefer-stable": false,
    "prefer-lowest": false,
    "platform": {
        "php": ">=8.3"
    },
    "platform-dev": {},
    "plugin-api-version": "2.9.0"
}
